
Microsoft Visual Studio Solution File, Format Version 12.00
# Visual Studio 15
Project("{FAE04EC0-301F-11D3-BF4B-00C04F79EFBC}") = "Assembly-CSharp", "Assembly-CSharp.csproj", "{D0C36AF6-5F35-0D93-85EA-1F7233E7D741}"
EndProject
Project("{FAE04EC0-301F-11D3-BF4B-00C04F79EFBC}") = "CFXRDemo", "CFXRDemo.csproj", "{CA2E0C3B-56AF-4E8E-E30A-38E3E72A090B}"
EndProject
Project("{FAE04EC0-301F-11D3-BF4B-00C04F79EFBC}") = "CFXRRuntime", "CFXRRuntime.csproj", "{053A230F-BCA6-B924-75BB-EA1AE61E7084}"
EndProject
Project("{FAE04EC0-301F-11D3-BF4B-00C04F79EFBC}") = "CFXREditor", "CFXREditor.csproj", "{C8036139-E044-BB91-39CC-4524301F35B1}"
EndProject
Project("{FAE04EC0-301F-11D3-BF4B-00C04F79EFBC}") = "ToonyColorsPro.Demo.Editor", "ToonyColorsPro.Demo.Editor.csproj", "{C5CD2AEB-C170-F7E7-7648-707FFAA576F3}"
EndProject
Project("{FAE04EC0-301F-11D3-BF4B-00C04F79EFBC}") = "Assembly-CSharp-Editor", "Assembly-CSharp-Editor.csproj", "{58EE5FB6-DE78-5DAF-B530-47E06046E9D5}"
EndProject
Project("{FAE04EC0-301F-11D3-BF4B-00C04F79EFBC}") = "KinoBloom.Runtime", "KinoBloom.Runtime.csproj", "{1FF81D6D-B0DB-1FB7-F79C-76F809C45EEB}"
EndProject
Global
	GlobalSection(SolutionConfigurationPlatforms) = preSolution
		Debug|Any CPU = Debug|Any CPU
		Release|Any CPU = Release|Any CPU
	EndGlobalSection
	GlobalSection(ProjectConfigurationPlatforms) = postSolution
		{D0C36AF6-5F35-0D93-85EA-1F7233E7D741}.Debug|Any CPU.ActiveCfg = Debug|Any CPU
		{D0C36AF6-5F35-0D93-85EA-1F7233E7D741}.Debug|Any CPU.Build.0 = Debug|Any CPU
		{D0C36AF6-5F35-0D93-85EA-1F7233E7D741}.Release|Any CPU.ActiveCfg = Release|Any CPU
		{D0C36AF6-5F35-0D93-85EA-1F7233E7D741}.Release|Any CPU.Build.0 = Release|Any CPU
		{CA2E0C3B-56AF-4E8E-E30A-38E3E72A090B}.Debug|Any CPU.ActiveCfg = Debug|Any CPU
		{CA2E0C3B-56AF-4E8E-E30A-38E3E72A090B}.Debug|Any CPU.Build.0 = Debug|Any CPU
		{CA2E0C3B-56AF-4E8E-E30A-38E3E72A090B}.Release|Any CPU.ActiveCfg = Release|Any CPU
		{CA2E0C3B-56AF-4E8E-E30A-38E3E72A090B}.Release|Any CPU.Build.0 = Release|Any CPU
		{053A230F-BCA6-B924-75BB-EA1AE61E7084}.Debug|Any CPU.ActiveCfg = Debug|Any CPU
		{053A230F-BCA6-B924-75BB-EA1AE61E7084}.Debug|Any CPU.Build.0 = Debug|Any CPU
		{053A230F-BCA6-B924-75BB-EA1AE61E7084}.Release|Any CPU.ActiveCfg = Release|Any CPU
		{053A230F-BCA6-B924-75BB-EA1AE61E7084}.Release|Any CPU.Build.0 = Release|Any CPU
		{C8036139-E044-BB91-39CC-4524301F35B1}.Debug|Any CPU.ActiveCfg = Debug|Any CPU
		{C8036139-E044-BB91-39CC-4524301F35B1}.Debug|Any CPU.Build.0 = Debug|Any CPU
		{C8036139-E044-BB91-39CC-4524301F35B1}.Release|Any CPU.ActiveCfg = Release|Any CPU
		{C8036139-E044-BB91-39CC-4524301F35B1}.Release|Any CPU.Build.0 = Release|Any CPU
		{C5CD2AEB-C170-F7E7-7648-707FFAA576F3}.Debug|Any CPU.ActiveCfg = Debug|Any CPU
		{C5CD2AEB-C170-F7E7-7648-707FFAA576F3}.Debug|Any CPU.Build.0 = Debug|Any CPU
		{C5CD2AEB-C170-F7E7-7648-707FFAA576F3}.Release|Any CPU.ActiveCfg = Release|Any CPU
		{C5CD2AEB-C170-F7E7-7648-707FFAA576F3}.Release|Any CPU.Build.0 = Release|Any CPU
		{58EE5FB6-DE78-5DAF-B530-47E06046E9D5}.Debug|Any CPU.ActiveCfg = Debug|Any CPU
		{58EE5FB6-DE78-5DAF-B530-47E06046E9D5}.Debug|Any CPU.Build.0 = Debug|Any CPU
		{58EE5FB6-DE78-5DAF-B530-47E06046E9D5}.Release|Any CPU.ActiveCfg = Release|Any CPU
		{58EE5FB6-DE78-5DAF-B530-47E06046E9D5}.Release|Any CPU.Build.0 = Release|Any CPU
		{1FF81D6D-B0DB-1FB7-F79C-76F809C45EEB}.Debug|Any CPU.ActiveCfg = Debug|Any CPU
		{1FF81D6D-B0DB-1FB7-F79C-76F809C45EEB}.Debug|Any CPU.Build.0 = Debug|Any CPU
		{1FF81D6D-B0DB-1FB7-F79C-76F809C45EEB}.Release|Any CPU.ActiveCfg = Release|Any CPU
		{1FF81D6D-B0DB-1FB7-F79C-76F809C45EEB}.Release|Any CPU.Build.0 = Release|Any CPU
	EndGlobalSection
	GlobalSection(SolutionProperties) = preSolution
		HideSolutionNode = FALSE
	EndGlobalSection
EndGlobal
